{
  "version": 4,
  "terraform_version": "1.2.9",
  "serial": 37,
  "lineage": "02f73187-548d-9d32-75f6-c427d4f097c4",
  "outputs": {
    "external_ip_address_node01_yandex_cloud": {
      "value": "51.250.71.167",
      "type": "string"
    },
    "internal_ip_address_node01_yandex_cloud": {
      "value": "192.168.101.13",
      "type": "string"
    }
  },
  "resources": [
    {
      "mode": "managed",
      "type": "yandex_compute_instance",
      "name": "node01",
      "provider": "provider[\"registry.terraform.io/yandex-cloud/yandex\"]",
      "instances": [
        {
          "schema_version": 1,
          "attributes": {
            "allow_recreate": null,
            "allow_stopping_for_update": true,
            "boot_disk": [
              {
                "auto_delete": true,
                "device_name": "fhmfgb9vlev9n1k5g36m",
                "disk_id": "fhmfgb9vlev9n1k5g36m",
                "initialize_params": [
                  {
                    "block_size": 4096,
                    "description": "",
                    "image_id": "fd80o438k5ni5e72j9ig",
                    "name": "root-node01",
                    "size": 50,
                    "snapshot_id": "",
                    "type": "network-ssd"
                  }
                ],
                "mode": "READ_WRITE"
              }
            ],
            "created_at": "2022-09-14T16:35:21Z",
            "description": "",
            "folder_id": "b1gepbnbb1dpav5bstcs",
            "fqdn": "node01.netology.cloud",
            "hostname": "node01.netology.cloud",
            "id": "fhma13vjag2o7f6h1ihu",
            "labels": null,
            "local_disk": [],
            "metadata": {
              "ssh-keys": "centos:ssh-rsa AAAAB3NzaC1yc2EAAAADAQABAAABgQDOdHhAyWdiuj5WaAcO3arxjCh6HaEjcjP32f/UvN/DIgAIsFYFkRBabUNweLub5k4ak9lgmTgmKOzPvD2hfhzQn6onj0XyfU6Tn41PYT8q2T54WMyiCZNC1TmCUkr3gvYsLnySooCjabweFlRfO8+YGOa7nmqgb5DDg6VxauTLYo4htzq9i9IJ2eCjDbQ+OVnsf6DHP5V9yjG16A3G9kNIX37J55bXUQuY1LAXh08dH2KNJfvrGLSArLJLKT5D9SRdGjBOkiXIyYJfa5rUspfr2Vi7a4Ni2E2dw9OluFEe7vTG/LvmNZul9ljeirwNbIp0VqcPvxMHZA1h1UL9AoLzVi3XkjWm8+yuw4jLEMiA4b6gdVx29cWaD4KxPPm0ZmD+6+8s2it6KfqpT0jlkDphCtQNQKy+g1hwWvur8AY6+9GaZ9xoBpbn1NgKCuvihmG1wtkcHzjZj2nGt1AkvAAwwNjwqomYO94YMmbZ9IOyZ74IoFQCLLcWjEWObrVoZtk= alx@alx-laptop.local\n"
            },
            "name": "node01",
            "network_acceleration_type": "standard",
            "network_interface": [
              {
                "dns_record": [],
                "index": 0,
                "ip_address": "192.168.101.13",
                "ipv4": true,
                "ipv6": false,
                "ipv6_address": "",
                "ipv6_dns_record": [],
                "mac_address": "d0:0d:a0:8f:f3:54",
                "nat": true,
                "nat_dns_record": [],
                "nat_ip_address": "51.250.71.167",
                "nat_ip_version": "IPV4",
                "security_group_ids": [],
                "subnet_id": "e9b0scjg7i4lcufplg62"
              }
            ],
            "placement_policy": [
              {
                "host_affinity_rules": [],
                "placement_group_id": ""
              }
            ],
            "platform_id": "standard-v1",
            "resources": [
              {
                "core_fraction": 100,
                "cores": 8,
                "gpus": 0,
                "memory": 8
              }
            ],
            "scheduling_policy": [
              {
                "preemptible": false
              }
            ],
            "secondary_disk": [],
            "service_account_id": "",
            "status": "running",
            "timeouts": null,
            "zone": "ru-central1-a"
          },
          "sensitive_attributes": [],
          "private": "eyJlMmJmYjczMC1lY2FhLTExZTYtOGY4OC0zNDM2M2JjN2M0YzAiOnsiY3JlYXRlIjozMDAwMDAwMDAwMDAsImRlbGV0ZSI6MzAwMDAwMDAwMDAwLCJ1cGRhdGUiOjMwMDAwMDAwMDAwMH0sInNjaGVtYV92ZXJzaW9uIjoiMSJ9",
          "dependencies": [
            "yandex_vpc_network.default",
            "yandex_vpc_subnet.default"
          ]
        }
      ]
    },
    {
      "mode": "managed",
      "type": "yandex_vpc_network",
      "name": "default",
      "provider": "provider[\"registry.terraform.io/yandex-cloud/yandex\"]",
      "instances": [
        {
          "schema_version": 0,
          "attributes": {
            "created_at": "2022-09-14T16:35:18Z",
            "default_security_group_id": "",
            "description": "",
            "folder_id": "b1gepbnbb1dpav5bstcs",
            "id": "enps0pk7d1vbaiclsnmp",
            "labels": {},
            "name": "net",
            "subnet_ids": [],
            "timeouts": null
          },
          "sensitive_attributes": [],
          "private": "eyJlMmJmYjczMC1lY2FhLTExZTYtOGY4OC0zNDM2M2JjN2M0YzAiOnsiY3JlYXRlIjo2MDAwMDAwMDAwMCwiZGVsZXRlIjo2MDAwMDAwMDAwMCwidXBkYXRlIjo2MDAwMDAwMDAwMH19"
        }
      ]
    },
    {
      "mode": "managed",
      "type": "yandex_vpc_subnet",
      "name": "default",
      "provider": "provider[\"registry.terraform.io/yandex-cloud/yandex\"]",
      "instances": [
        {
          "schema_version": 0,
          "attributes": {
            "created_at": "2022-09-14T16:35:19Z",
            "description": "",
            "dhcp_options": [],
            "folder_id": "b1gepbnbb1dpav5bstcs",
            "id": "e9b0scjg7i4lcufplg62",
            "labels": {},
            "name": "subnet",
            "network_id": "enps0pk7d1vbaiclsnmp",
            "route_table_id": "",
            "timeouts": null,
            "v4_cidr_blocks": [
              "192.168.101.0/24"
            ],
            "v6_cidr_blocks": [],
            "zone": "ru-central1-a"
          },
          "sensitive_attributes": [],
          "private": "eyJlMmJmYjczMC1lY2FhLTExZTYtOGY4OC0zNDM2M2JjN2M0YzAiOnsiY3JlYXRlIjoxODAwMDAwMDAwMDAsImRlbGV0ZSI6MTgwMDAwMDAwMDAwLCJ1cGRhdGUiOjE4MDAwMDAwMDAwMH19",
          "dependencies": [
            "yandex_vpc_network.default"
          ]
        }
      ]
    }
  ]
}
